
Microsoft Visual Studio Solution File, Format Version 12.00
# Visual Studio 15
VisualStudioVersion = 15.0.27428.2043
MinimumVisualStudioVersion = 10.0.40219.1
Project("{FAE04EC0-301F-11D3-BF4B-00C04F79EFBC}") = "LightTox", "LightTox\LightTox.csproj", "{DD331C02-653D-4E2B-8584-B8740F266E5B}"
EndProject
Global
	GlobalSection(SolutionConfigurationPlatforms) = preSolution
		Debug|Any CPU = Debug|Any CPU
		Release|Any CPU = Release|Any CPU
	EndGlobalSection
	GlobalSection(ProjectConfigurationPlatforms) = postSolution
		{DD331C02-653D-4E2B-8584-B8740F266E5B}.Debug|Any CPU.ActiveCfg = Debug|Any CPU
		{DD331C02-653D-4E2B-8584-B8740F266E5B}.Debug|Any CPU.Build.0 = Debug|Any CPU
		{DD331C02-653D-4E2B-8584-B8740F266E5B}.Release|Any CPU.ActiveCfg = Release|Any CPU
		{DD331C02-653D-4E2B-8584-B8740F266E5B}.Release|Any CPU.Build.0 = Release|Any CPU
	EndGlobalSection
	GlobalSection(SolutionProperties) = preSolution
		HideSolutionNode = FALSE
	EndGlobalSection
	GlobalSection(ExtensibilityGlobals) = postSolution
		SolutionGuid = {071D53D7-FFBB-45EC-B11A-B04BD36A25A8}
	EndGlobalSection
EndGlobal
